
Microsoft Visual Studio Solution File, Format Version 12.00
# Visual Studio Version 16
VisualStudioVersion = 16.0.30907.101
MinimumVisualStudioVersion = 10.0.40219.1
Project("{FAE04EC0-301F-11D3-BF4B-00C04F79EFBC}") = "FightMatrix", "FightMatrix\FightMatrix.csproj", "{9CCEEE49-C7CA-4249-AD40-FA964698FC0D}"
EndProject
Global
	GlobalSection(SolutionConfigurationPlatforms) = preSolution
		Debug|Any CPU = Debug|Any CPU
		Release|Any CPU = Release|Any CPU
	EndGlobalSection
	GlobalSection(ProjectConfigurationPlatforms) = postSolution
		{9CCEEE49-C7CA-4249-AD40-FA964698FC0D}.Debug|Any CPU.ActiveCfg = Debug|Any CPU
		{9CCEEE49-C7CA-4249-AD40-FA964698FC0D}.Debug|Any CPU.Build.0 = Debug|Any CPU
		{9CCEEE49-C7CA-4249-AD40-FA964698FC0D}.Release|Any CPU.ActiveCfg = Release|Any CPU
		{9CCEEE49-C7CA-4249-AD40-FA964698FC0D}.Release|Any CPU.Build.0 = Release|Any CPU
	EndGlobalSection
	GlobalSection(SolutionProperties) = preSolution
		HideSolutionNode = FALSE
	EndGlobalSection
	GlobalSection(ExtensibilityGlobals) = postSolution
		SolutionGuid = {107244EC-9DEA-4E02-AFC9-059828CFDCC5}
	EndGlobalSection
EndGlobal
